lockfileVersion: '9.0'

settings:
  autoInstallPeers: true
  excludeLinksFromLockfile: false

importers:

  .:
    dependencies:
      '@modelcontextprotocol/sdk':
        specifier: ^1.29.0
        version: 1.29.0(@cfworker/json-schema@4.1.1)(zod@3.25.76)
      agents:
        specifier: ^0.15.0
        version: 0.15.0(@babel/core@7.29.7)(@babel/runtime@7.29.7)(@cloudflare/workers-types@4.20260608.1)(ai@6.0.199(zod@3.25.76))(react@19.2.7)(rolldown@1.0.3)(vite@8.0.16(@types/node@22.20.1)(esbuild@0.18.20)(yaml@2.9.0))(zod@3.25.76)
      hono:
        specifier: ^4.12.23
        version: 4.12.23
      zod:
        specifier: ^3.25.76
        version: 3.25.76
    devDependencies:
      '@cloudflare/vitest-pool-workers':
        specifier: ^0.16.13
        version: 0.16.13(@cloudflare/workers-types@4.20260608.1)(@vitest/runner@4.1.8)(@vitest/snapshot@4.1.8)(vitest@4.1.8)
      '@cloudflare/workers-types':
        specifier: ^4.20260608.1
        version: 4.20260608.1
      '@eslint/js':
        specifier: ^9.21.0
        version: 9.39.4
      '@types/node':
        specifier: ^22.20.1
        version: 22.20.1
      '@vitest/coverage-istanbul':
        specifier: ^4.1.8
        version: 4.1.8(vitest@4.1.8)
      esbuild:
        specifier: ^0.18.20
        version: 0.18.20
      eslint:
        specifier: ^9.21.0
        version: 9.39.4
      eslint-config-prettier:
        specifier: ^10.1.8
        version: 10.1.8(eslint@9.39.4)
      markdownlint-cli2:
        specifier: ^0.15.0
        version: 0.15.0
      prettier:
        specifier: ^3.9.6
        version: 3.9.6
      rimraf:
        specifier: ^5.0.10
        version: 5.0.10
      typescript:
        specifier: ^5.9.3
        version: 5.9.3
      typescript-eslint:
        specifier: ^8.25.0
        version: 8.60.1(eslint@9.39.4)(typescript@5.9.3)
      vitest:
        specifier: ^4.1.8
        version: 4.1.8(@opentelemetry/api@1.9.1)(@types/node@22.20.1)(@vitest/coverage-istanbul@4.1.8)(@vitest/coverage-v8@4.1.8)(vite@8.0.16(@types/node@22.20.1)(esbuild@0.18.20)(yaml@2.9.0))
      wrangler:
        specifier: ^4.98.0
        version: 4.98.0(@cloudflare/workers-types@4.20260608.1)